
Microsoft Visual Studio Solution File, Format Version 12.00
# Visual Studio 14
VisualStudioVersion = 14.0.25420.1
MinimumVisualStudioVersion = 10.0.40219.1
Project("{FAE04EC0-301F-11D3-BF4B-00C04F79EFBC}") = "XDelivery", "XDelivery.csproj", "{EF562B4F-F1D4-4E09-AFD1-2C37E802342C}"
EndProject
Project("{FAE04EC0-301F-11D3-BF4B-00C04F79EFBC}") = "xConnect iFood", "xConnect iFood\xConnect iFood.csproj", "{DBA33BDD-0213-4901-8B88-1500E34EF985}"
EndProject
Global
	GlobalSection(SolutionConfigurationPlatforms) = preSolution
		CD_ROM|Any CPU = CD_ROM|Any CPU
		Debug|Any CPU = Debug|Any CPU
		DVD-5|Any CPU = DVD-5|Any CPU
		Release|Any CPU = Release|Any CPU
		SingleImage|Any CPU = SingleImage|Any CPU
	EndGlobalSection
	GlobalSection(ProjectConfigurationPlatforms) = postSolution
		{EF562B4F-F1D4-4E09-AFD1-2C37E802342C}.CD_ROM|Any CPU.ActiveCfg = Release|Any CPU
		{EF562B4F-F1D4-4E09-AFD1-2C37E802342C}.CD_ROM|Any CPU.Build.0 = Release|Any CPU
		{EF562B4F-F1D4-4E09-AFD1-2C37E802342C}.Debug|Any CPU.ActiveCfg = Debug|Any CPU
		{EF562B4F-F1D4-4E09-AFD1-2C37E802342C}.Debug|Any CPU.Build.0 = Debug|Any CPU
		{EF562B4F-F1D4-4E09-AFD1-2C37E802342C}.DVD-5|Any CPU.ActiveCfg = Debug|Any CPU
		{EF562B4F-F1D4-4E09-AFD1-2C37E802342C}.DVD-5|Any CPU.Build.0 = Debug|Any CPU
		{EF562B4F-F1D4-4E09-AFD1-2C37E802342C}.Release|Any CPU.ActiveCfg = Release|Any CPU
		{EF562B4F-F1D4-4E09-AFD1-2C37E802342C}.Release|Any CPU.Build.0 = Release|Any CPU
		{EF562B4F-F1D4-4E09-AFD1-2C37E802342C}.SingleImage|Any CPU.ActiveCfg = Release|Any CPU
		{EF562B4F-F1D4-4E09-AFD1-2C37E802342C}.SingleImage|Any CPU.Build.0 = Release|Any CPU
		{DBA33BDD-0213-4901-8B88-1500E34EF985}.CD_ROM|Any CPU.ActiveCfg = Release|Any CPU
		{DBA33BDD-0213-4901-8B88-1500E34EF985}.CD_ROM|Any CPU.Build.0 = Release|Any CPU
		{DBA33BDD-0213-4901-8B88-1500E34EF985}.Debug|Any CPU.ActiveCfg = Debug|Any CPU
		{DBA33BDD-0213-4901-8B88-1500E34EF985}.Debug|Any CPU.Build.0 = Debug|Any CPU
		{DBA33BDD-0213-4901-8B88-1500E34EF985}.DVD-5|Any CPU.ActiveCfg = Debug|Any CPU
		{DBA33BDD-0213-4901-8B88-1500E34EF985}.DVD-5|Any CPU.Build.0 = Debug|Any CPU
		{DBA33BDD-0213-4901-8B88-1500E34EF985}.Release|Any CPU.ActiveCfg = Release|Any CPU
		{DBA33BDD-0213-4901-8B88-1500E34EF985}.Release|Any CPU.Build.0 = Release|Any CPU
		{DBA33BDD-0213-4901-8B88-1500E34EF985}.SingleImage|Any CPU.ActiveCfg = Release|Any CPU
		{DBA33BDD-0213-4901-8B88-1500E34EF985}.SingleImage|Any CPU.Build.0 = Release|Any CPU
	EndGlobalSection
	GlobalSection(SolutionProperties) = preSolution
		HideSolutionNode = FALSE
	EndGlobalSection
EndGlobal
